hash: 53e5daf7e91cd88b05dc21ccf0b3ad41f03021c9c211773ac1e0388a636e9525
updated: 2017-01-25T14:19:32.708067358-06:00
imports:
- name: github.com/golang/mock
  version: bd3c8e81be01eef76d4b503f5e687d2d1354d2d9
  subpackages:
  - gomock
  - mockgen
- name: github.com/satori/go.uuid
  version: 879c5887cd475cd7864858769793b2ceb0d44feb
- name: github.com/shirou/gopsutil
  version: 061b699a971e0f74834f69ef8b78643f48980d10
  subpackages:
  - mem
- name: github.com/Sirupsen/logrus
  version: d26492970760ca5d33129d2d799e34be5c4782eb
- name: github.com/sparrc/go-ping
  version: 416e72114cd1edce2f287648f935a60dfe6cf40e
- name: github.com/spf13/cobra
  version: 0f056af21f5f368e5b0646079d0094a2c64150f7
- name: github.com/stretchr/testify
  version: 69483b4bd14f5845b5a1e55bca19e954e827f1d0
  subpackages:
  - assert
testImports: []
