github.com/DataDog/datadog-go v0.0.0-20170427165718-0ddda6bee211 h1:hOSWYZBOWXZwYN+huYLFKsb4f6uohHgpx6cLlAXOqjA=
github.com/DataDog/datadog-go v0.0.0-20170427165718-0ddda6bee211/go.mod h1:LButxg5PwREeZtORoXG3tL4fMGNddJ+vMq1mwgfaqoQ=
github.com/StackExchange/wmi v0.0.0-20180116203802-5d049714c4a6 h1:fLjPD/aNc3UIOA6tDi6QXUemppXK3P9BI7mr2hd6gx8=
github.com/StackExchange/wmi v0.0.0-20180116203802-5d049714c4a6/go.mod h1:3eOhrUMpNV+6aFIbp5/iudMxNCF27Vw2OZgy4xEx0Fg=
github.com/beorn7/perks v0.0.0-20160804104726-4c0e84591b9a h1:BtpsbiV638WQZwhA98cEZw2BsbnQJrbd0BI7tsy0W1c=
github.com/beorn7/perks v0.0.0-20160804104726-4c0e84591b9a/go.mod h1:Dwedo/Wpr24TaqPxmxbtue+5NUziq4I4S80YR8gNf3Q=
github.com/davecgh/go-spew v1.1.0/go.mod h1:J7Y8YcW2NihsgmVo/mv3lAwl/skON4iLHjSsI+c5H38=
github.com/davecgh/go-spew v1.1.1 h1:vj9j/u1bqnvCEfJOwUhtlOARqs3+rkHYY13jYWTU97c=
github.com/davecgh/go-spew v1.1.1/go.mod h1:J7Y8YcW2NihsgmVo/mv3lAwl/skON4iLHjSsI+c5H38=
github.com/deckarep/golang-set v0.0.0-20171013212420-1d4478f51bed h1:njG8LmGD6JCWJu4bwIKmkOHvch70UOEIqczl5vp7Gok=
github.com/deckarep/golang-set v0.0.0-20171013212420-1d4478f51bed/go.mod h1:93vsz/8Wt4joVM7c2AVqh+YRMiUSc14yDtF28KmMOgQ=
github.com/fsnotify/fsnotify v1.4.7 h1:IXs+QLmnXW2CcXuY+8Mzv/fWEsPGWxqefPtCP5CnV9I=
github.com/fsnotify/fsnotify v1.4.7/go.mod h1:jwhsz4b93w/PPRr/qN1Yymfu8t87LnFCMoQvtojpjFo=
github.com/go-ole/go-ole v0.0.1 h1:WdPcJGwW07p9WFR2o72tYFOBJYYYrlu4viiO8EC9EBM=
github.com/go-ole/go-ole v0.0.1/go.mod h1:7FAglXiTm7HKlQRDeOQ6ZNUHidzCWXuZWq/1dTyBNF8=
github.com/golang/mock v0.0.0-20171020163750-61503c535dc5 h1:b6vVQTUOhZ7J36c/zBJNjqY/xU6AnHI4KZgEWC3EQmc=
github.com/golang/mock v0.0.0-20171020163750-61503c535dc5/go.mod h1:oTYuIxOrZwtPieC+H1uAHpcLFnEyAGVDL/k47Jfbm0A=
github.com/golang/protobuf v0.0.0-20170920220647-130e6b02ab05 h1:Kesru7U6Mhpf/x7rthxAKnr586VFmoE2NdEvkOKvfjg=
github.com/golang/protobuf v0.0.0-20170920220647-130e6b02ab05/go.mod h1:6lQm79b+lXiMfvg/cZm0SGofjICqVBUtrP5yJMmIC1U=
github.com/inconshreveable/mousetrap v1.0.0 h1:Z8tu5sraLXCXIcARxBp/8cbvlwVa7Z1NHg9XEKhtSvM=
github.com/inconshreveable/mousetrap v1.0.0/go.mod h1:PxqpIevigyE2G7u3NXJIT2ANytuPF1OarO4DADm73n8=
github.com/jpillora/backoff v0.0.0-20170918002102-8eab2debe79d h1:ix3WmphUvN0GDd0DO9MH0v6/5xTv+Xm1bPN+1UJn58k=
github.com/jpillora/backoff v0.0.0-20170918002102-8eab2debe79d/go.mod h1:2iMrUgbbvHEiQClaW2NsSzMyGHqN+rDFqY705q49KG0=
github.com/kardianos/osext v0.0.0-20170510131534-ae77be60afb1/go.mod h1:1NbS8ALrpOvjt0rHPNLyCIeMtbizbir8U//inJ+zuB8=
github.com/kardianos/service v0.0.0-20180320115954-615a14ed7509 h1:h9KSKIrIU4ZakEOh77aRY9kV/qukcEBf9S/sar2D1Yc=
github.com/kardianos/service v0.0.0-20180320115954-615a14ed7509/go.mod h1:10UU/bEkzh2iEN6aYzbevY7J6p03KO5siTxQWXMEerg=
github.com/konsorten/go-windows-terminal-sequences v0.0.0-20180402223658-b729f2633dfe h1:CHRGQ8V7OlCYtwaKPJi3iA7J+YdNKdo8j7nG5IgDhjs=
github.com/konsorten/go-windows-terminal-sequences v0.0.0-20180402223658-b729f2633dfe/go.mod h1:T0+1ngSBFLxvqU3pZ+m/2kptfBszLMUkC4ZK/EgS/cQ=
github.com/mattn/go-colorable v0.0.0-20170816031813-ad5389df28cd h1:eYiiP5pgdf+n78BU5JFWt7yI2bpxW31L/R5Rrk8vLgs=
github.com/mattn/go-colorable v0.0.0-20170816031813-ad5389df28cd/go.mod h1:9vuHe8Xs5qXnSaW/c/ABM9alt+Vo+STaOChaDxuIBZU=
github.com/mattn/go-isatty v0.0.0-20170925054904-a5cdd64afdee h1:tUyoJR5V1TdXnTh9v8c1YAHvDdut2+zkuyUX3gAY/wI=
github.com/mattn/go-isatty v0.0.0-20170925054904-a5cdd64afdee/go.mod h1:M+lRXTBqGeGNdLjl/ufCoiOlB5xdOkqRJdNxMWT7Zi4=
github.com/matttproud/golang_protobuf_extensions v1.0.1 h1:4hp9jkHxhMHkqkrB3Ix0jegS5sx/RkqARlsWZ6pIwiU=
github.com/matttproud/golang_protobuf_extensions v1.0.1/go.mod h1:D8He9yQNgCq6Z5Ld7szi9bcBfOoFv/3dc6xSMkL2PC0=
github.com/mgutz/ansi v0.0.0-20170206155736-9520e82c474b h1:j7+1HpAFS1zy5+Q4qx1fWh90gTKwiN4QCGoY9TWyyO4=
github.com/mgutz/ansi v0.0.0-20170206155736-9520e82c474b/go.mod h1:01TrycV0kFyexm33Z7vhZRXopbI8J3TDReVlkTgMUxE=
github.com/pkg/errors v0.8.0 h1:WdK/asTD0HN+q6hsWO3/vpuAkAr+tw6aNJNDFFf0+qw=
github.com/pkg/errors v0.8.0/go.mod h1:bwawxfHBFNV+L2hUp1rHADufV3IMtnDRdf1r5NINEl0=
github.com/pmezard/go-difflib v1.0.0 h1:4DBwDE0NGyQoBHbLQYPwSUPoCMWR5BEzIk/f1lZbAQM=
github.com/pmezard/go-difflib v1.0.0/go.mod h1:iKH77koFhYxTK1pcRnkKkqfTogsbg7gZNVY4sRDYZ/4=
github.com/prometheus/client_golang v0.8.0 h1:1921Yw9Gc3iSc4VQh3PIoOqgPCZS7G/4xQNVUp8Mda8=
github.com/prometheus/client_golang v0.8.0/go.mod h1:7SWBe2y4D6OKWSNQJUaRYU/AaXPKyh/dDVn+NZz0KFw=
github.com/prometheus/client_model v0.0.0-20170216185247-6f3806018612 h1:13pIdM2tpaDi4OVe24fgoIS7ZTqMt0QI+bwQsX5hq+g=
github.com/prometheus/client_model v0.0.0-20170216185247-6f3806018612/go.mod h1:MbSGuTsp3dbXC40dX6PRTWyKYBIrTGTE9sqQNg2J8bo=
github.com/prometheus/common v0.0.0-20171006141418-1bab55dd05db h1:PmL7nSW2mvuotGlJKuvUcSI/eE86zwYUcIAGoB6eHBk=
github.com/prometheus/common v0.0.0-20171006141418-1bab55dd05db/go.mod h1:daVV7qP5qjZbuso7PdcryaAu0sAZbrN9i7WWcTMWvro=
github.com/prometheus/procfs v0.0.0-20171017214025-a6e9df898b13 h1:leRfx9kcgnSDkqAFhaaUcRqpAZgnFdwZkZcdRcea1h0=
github.com/prometheus/procfs v0.0.0-20171017214025-a6e9df898b13/go.mod h1:c3At6R/oaqEKCNdg8wHV1ftS6bRYblBhIjjI8uT2IGk=
github.com/rackerlabs/go-connect-tunnel v0.0.0-20171031170240-fbbb5e09a34b/go.mod h1:rP7LacFnK9P/R2sYhYgy752WBGZ5e7XIDPkYrHtpuRk=
github.com/rackerlabs/go-connect-tunnel v0.0.0-20190521133049-80222737afe6 h1:ZlG7StAGYIPny/BRJ1sGOsqVv9HLLDj08KBdAc3JwD8=
github.com/rackerlabs/go-connect-tunnel v0.0.0-20190521133049-80222737afe6/go.mod h1:rP7LacFnK9P/R2sYhYgy752WBGZ5e7XIDPkYrHtpuRk=
github.com/rackerlabs/go-connect-tunnel v0.0.0-20190522163637-d62992e95bf5 h1:DI1iQwv1y8EU/QucrPnj9zi7ZZuTAsGvpZDhwEzAcJM=
github.com/rackerlabs/go-connect-tunnel v0.0.0-20190522163637-d62992e95bf5/go.mod h1:l94xBj0Ievm1NpAR2YOH0GMI5hJd0/kwxhmnD970Llg=
github.com/rackerlabs/go-connect-tunnel v1.1.0 h1:C8E7yiTqv+atxoZU8tFn2/scuN5au+d0OMLOqMbaq4k=
github.com/rackerlabs/go-connect-tunnel v1.1.0/go.mod h1:l94xBj0Ievm1NpAR2YOH0GMI5hJd0/kwxhmnD970Llg=
github.com/rackerlabs/go-connect-tunnel v1.1.1-0.20190522163637-d62992e95bf5 h1:Hq0DCLo+6WsMaY8ayCJ3FcNHnfsTzQbuEfmrdFc0yOs=
github.com/rackerlabs/go-connect-tunnel v1.1.1-0.20190522163637-d62992e95bf5/go.mod h1:l94xBj0Ievm1NpAR2YOH0GMI5hJd0/kwxhmnD970Llg=
github.com/satori/go.uuid v1.1.0 h1:B9KXyj+GzIpJbV7gmr873NsY6zpbxNy24CBtGrk7jHo=
github.com/satori/go.uuid v1.1.0/go.mod h1:dA0hQrYB0VpLJoorglMZABFdXlWrHn1NEOzdhQKdks0=
github.com/shirou/gopsutil v2.18.12+incompatible h1:1eaJvGomDnH74/5cF4CTmTbLHAriGFsTZppLXDX93OM=
github.com/shirou/gopsutil v2.18.12+incompatible/go.mod h1:5b4v6he4MtMOwMlS0TUMTu2PcXUg8+E1lC7eC3UO/RA=
github.com/shirou/w32 v0.0.0-20160930032740-bb4de0191aa4 h1:udFKJ0aHUL60LboW/A+DfgoHVedieIzIXE8uylPue0U=
github.com/shirou/w32 v0.0.0-20160930032740-bb4de0191aa4/go.mod h1:qsXQc7+bwAM3Q1u/4XEfrquwF8Lw7D7y5cD8CuHnfIc=
github.com/sirupsen/logrus v1.1.0 h1:65VZabgUiV9ktjGM5nTq0+YurgTyX+YI2lSSfDjI+qU=
github.com/sirupsen/logrus v1.1.0/go.mod h1:zrgwTnHtNr00buQ1vSptGe8m1f/BbgsPukg8qsT7A+A=
github.com/spf13/cobra v0.0.1 h1:zZh3X5aZbdnoj+4XkaBxKfhO4ot82icYdhhREIAXIj8=
github.com/spf13/cobra v0.0.1/go.mod h1:1l0Ry5zgKvJasoi3XT1TypsSe7PqH0Sj9dhYf7v3XqQ=
github.com/spf13/pflag v1.0.0 h1:oaPbdDe/x0UncahuwiPxW1GYJyilRAdsPnq3e1yaPcI=
github.com/spf13/pflag v1.0.0/go.mod h1:DYY7MBk1bdzusC3SYhjObp+wFpr4gzcvqqNjLnInEg4=
github.com/stretchr/objx v0.1.0/go.mod h1:HFkY916IF+rwdDfMAkV7OtwuqBVzrE8GR6GFx+wExME=
github.com/stretchr/testify v1.2.1/go.mod h1:a8OnRcib4nhh0OaRAV+Yts87kKdq0PP7pXfy6kDkUVs=
github.com/stretchr/testify v1.2.2/go.mod h1:a8OnRcib4nhh0OaRAV+Yts87kKdq0PP7pXfy6kDkUVs=
github.com/stretchr/testify v1.3.0 h1:TivCn/peBQ7UY8ooIcPgZFpTNSz0Q2U6UrFlUfqbe0Q=
github.com/stretchr/testify v1.3.0/go.mod h1:M5WIy9Dh21IEIfnGCwXGc5bZfKNJtfHm1UVUgZn+9EI=
github.com/x-cray/logrus-prefixed-formatter v0.5.2 h1:00txxvfBM9muc0jiLIEAkAcIMJzfthRT6usrui8uGmg=
github.com/x-cray/logrus-prefixed-formatter v0.5.2/go.mod h1:2duySbKsL6M18s5GU7VPsoEPHyzalCE06qoARUCeBBE=
golang.org/x/crypto v0.0.0-20171031160130-bd6f299fb381/go.mod h1:6SG95UA2DQfeDnfUPMdvaQW0Q7yPrPDi9nlGo2tz2b4=
golang.org/x/crypto v0.0.0-20180904163835-0709b304e793 h1:u+LnwYTOOW7Ukr/fppxEb1Nwz0AtPflrblfvUudpo+I=
golang.org/x/crypto v0.0.0-20180904163835-0709b304e793/go.mod h1:6SG95UA2DQfeDnfUPMdvaQW0Q7yPrPDi9nlGo2tz2b4=
golang.org/x/net v0.0.0-20171027103834-c73622c77280 h1:TFSo8RGq2v9crRl/RW0EH71y1kdSjqeCxljzuDsD+oA=
golang.org/x/net v0.0.0-20171027103834-c73622c77280/go.mod h1:mL1N/T3taQHkDXs73rZJwtUhF3w3ftmwwsq0BUmARs4=
golang.org/x/sys v0.0.0-20180905080454-ebe1bf3edb33/go.mod h1:STP8DvDyc/dI5b8T5hshtkjS+E42TnysNCUPdjciGhY=
golang.org/x/sys v0.0.0-20190310054646-10058d7d4faa h1:lqti/xP+yD/6zH5TqEwx2MilNIJY5Vbc6Qr8J3qyPIQ=
golang.org/x/sys v0.0.0-20190310054646-10058d7d4faa/go.mod h1:h1NjWce9XRLGQEsW7wpKNCjG9DtNlClVuFLEZdDNbEs=
